
Microsoft Visual Studio Solution File, Format Version 12.00
# Visual Studio Version 16
VisualStudioVersion = 16.0.31729.503
MinimumVisualStudioVersion = 10.0.40219.1
Project("{FAE04EC0-301F-11D3-BF4B-00C04F79EFBC}") = "RandomWeaponGenerator", "RandomWeaponGenerator\RandomWeaponGenerator.csproj", "{B1F76FEE-0677-4CF7-827B-600FCC3EDF68}"
EndProject
Global
	GlobalSection(SolutionConfigurationPlatforms) = preSolution
		Debug|Any CPU = Debug|Any CPU
		Release|Any CPU = Release|Any CPU
	EndGlobalSection
	GlobalSection(ProjectConfigurationPlatforms) = postSolution
		{B1F76FEE-0677-4CF7-827B-600FCC3EDF68}.Debug|Any CPU.ActiveCfg = Debug|Any CPU
		{B1F76FEE-0677-4CF7-827B-600FCC3EDF68}.Debug|Any CPU.Build.0 = Debug|Any CPU
		{B1F76FEE-0677-4CF7-827B-600FCC3EDF68}.Release|Any CPU.ActiveCfg = Release|Any CPU
		{B1F76FEE-0677-4CF7-827B-600FCC3EDF68}.Release|Any CPU.Build.0 = Release|Any CPU
	EndGlobalSection
	GlobalSection(SolutionProperties) = preSolution
		HideSolutionNode = FALSE
	EndGlobalSection
	GlobalSection(ExtensibilityGlobals) = postSolution
		SolutionGuid = {210C3EC1-279A-4A90-9FCF-1E95D13B00D9}
	EndGlobalSection
EndGlobal
